
Microsoft Visual Studio Solution File, Format Version 12.00
# Visual Studio Version 17
VisualStudioVersion = 17.14.36705.20 d17.14
MinimumVisualStudioVersion = 10.0.40219.1
Project("{FAE04EC0-301F-11D3-BF4B-00C04F79EFBC}") = "10-dotnet", "10-dotnet\10-dotnet.csproj", "{F7546D64-C729-490E-AE71-005DA0444598}"
EndProject
Global
	GlobalSection(SolutionConfigurationPlatforms) = preSolution
		Debug|Any CPU = Debug|Any CPU
		Release|Any CPU = Release|Any CPU
	EndGlobalSection
	GlobalSection(ProjectConfigurationPlatforms) = postSolution
		{F7546D64-C729-490E-AE71-005DA0444598}.Debug|Any CPU.ActiveCfg = Debug|Any CPU
		{F7546D64-C729-490E-AE71-005DA0444598}.Debug|Any CPU.Build.0 = Debug|Any CPU
		{F7546D64-C729-490E-AE71-005DA0444598}.Release|Any CPU.ActiveCfg = Release|Any CPU
		{F7546D64-C729-490E-AE71-005DA0444598}.Release|Any CPU.Build.0 = Release|Any CPU
	EndGlobalSection
	GlobalSection(SolutionProperties) = preSolution
		HideSolutionNode = FALSE
	EndGlobalSection
	GlobalSection(ExtensibilityGlobals) = postSolution
		SolutionGuid = {DBDD3918-43F9-4E8B-A96F-6295723FA713}
	EndGlobalSection
EndGlobal
